<?xml version="1.0" encoding="utf-8"?>
<Project ToolsVersion="4.0" xmlns="http://schemas.microsoft.com/developer/msbuild/2003">
  <ItemGroup>
    <ClCompile Include="CPong.cpp" />
    <ClCompile Include="CSketch.cpp" />
    <ClCompile Include="Lab4_EteSk.cpp" />
    <ClCompile Include="CBase4618.cpp" />
    <ClCompile Include="CControl.cpp" />
    <ClCompile Include="Serial.cpp" />
    <ClCompile Include="server.cpp" />
    <ClCompile Include="stdafx.cpp" />
    <ClCompile Include="CAsteroid.cpp" />
    <ClCompile Include="CAsteroid_Game.cpp" />
    <ClCompile Include="CGameObject.cpp" />
    <ClCompile Include="CMissle.cpp" />
    <ClCompile Include="CShip.cpp" />
  </ItemGroup>
  <ItemGroup>
    <ClInclude Include="CBase4618.h" />
    <ClInclude Include="CControl.h" />
    <ClInclude Include="CPong.h" />
    <ClInclude Include="CSketch.h" />
    <ClInclude Include="Serial.h" />
    <ClInclude Include="server.h" />
    <ClInclude Include="stdafx.h" />
    <ClInclude Include="CAsteroid.h" />
    <ClInclude Include="CAsteroid_Game.h" />
    <ClInclude Include="CGameObject.h" />
    <ClInclude Include="CMissle.h" />
    <ClInclude Include="CShip.h" />
  </ItemGroup>
</Project>